
Microsoft Visual Studio Solution File, Format Version 12.00
# Visual Studio Version 17
VisualStudioVersion = 17.7.34202.233
MinimumVisualStudioVersion = 10.0.40219.1
Project("{9A19103F-16F7-4668-BE54-9A1E7A4F7556}") = "UsrSocialMarketing", "UsrSocialMarketing.csproj", "{DF9E66C5-3B5F-41CC-A83B-0AEA4C00FBBE}"
EndProject
Global
	GlobalSection(SolutionConfigurationPlatforms) = preSolution
		Debug|Any CPU = Debug|Any CPU
		Release|Any CPU = Release|Any CPU
	EndGlobalSection
	GlobalSection(ProjectConfigurationPlatforms) = postSolution
		{DF9E66C5-3B5F-41CC-A83B-0AEA4C00FBBE}.Debug|Any CPU.ActiveCfg = Debug|Any CPU
		{DF9E66C5-3B5F-41CC-A83B-0AEA4C00FBBE}.Debug|Any CPU.Build.0 = Debug|Any CPU
		{DF9E66C5-3B5F-41CC-A83B-0AEA4C00FBBE}.Release|Any CPU.ActiveCfg = Release|Any CPU
		{DF9E66C5-3B5F-41CC-A83B-0AEA4C00FBBE}.Release|Any CPU.Build.0 = Release|Any CPU
	EndGlobalSection
	GlobalSection(SolutionProperties) = preSolution
		HideSolutionNode = FALSE
	EndGlobalSection
	GlobalSection(ExtensibilityGlobals) = postSolution
		SolutionGuid = {EC23231F-0A39-45C5-B581-1BE273E48828}
	EndGlobalSection
EndGlobal
